<?xml version="1.0" encoding="utf-8"?>
<Project ToolsVersion="4.0" xmlns="http://schemas.microsoft.com/developer/msbuild/2003">
  <ItemGroup>
    <Filter Include="WinMain">
      <UniqueIdentifier>{9572a57e-b81a-4719-b586-98958cfc9776}</UniqueIdentifier>
    </Filter>
    <Filter Include="Framework">
      <UniqueIdentifier>{996d97c2-b5e8-4d60-9894-ce0597d7fda5}</UniqueIdentifier>
    </Filter>
    <Filter Include="SceneMain">
      <UniqueIdentifier>{2a90a8dd-9806-4c34-b884-130b361bffd9}</UniqueIdentifier>
    </Filter>
    <Filter Include="Framework\Global">
      <UniqueIdentifier>{489084d8-35a1-44d3-bd43-89e276c5e9bd}</UniqueIdentifier>
    </Filter>
    <Filter Include="Framework\Sprite">
      <UniqueIdentifier>{4bc34b17-733e-4a9f-935b-e11f8f1cf885}</UniqueIdentifier>
    </Filter>
    <Filter Include="Framework\Texture">
      <UniqueIdentifier>{3ecd18ee-c3fa-488e-899d-e5909704db5b}</UniqueIdentifier>
    </Filter>
    <Filter Include="Framework\Camera">
      <UniqueIdentifier>{dc17175a-c23d-4f70-9348-b962b6a237b5}</UniqueIdentifier>
    </Filter>
    <Filter Include="Framework\Collision">
      <UniqueIdentifier>{cf614ec9-1998-42e9-b77d-ba72e7059848}</UniqueIdentifier>
    </Filter>
    <Filter Include="Object">
      <UniqueIdentifier>{29ee6727-c03a-474e-8d02-b1814c27bf9e}</UniqueIdentifier>
    </Filter>
    <Filter Include="Object\NinjaGaiden">
      <UniqueIdentifier>{92b34687-de07-4c8e-8074-66b92876672e}</UniqueIdentifier>
    </Filter>
    <Filter Include="Object\BaseObject">
      <UniqueIdentifier>{ccd0c00c-744f-41a5-9121-f9c59fa71f4f}</UniqueIdentifier>
    </Filter>
    <Filter Include="Object\EnemyObject">
      <UniqueIdentifier>{29273850-b203-457c-aa57-268673eca47a}</UniqueIdentifier>
    </Filter>
  </ItemGroup>
  <ItemGroup>
    <ClCompile Include="WinMain.cpp">
      <Filter>WinMain</Filter>
    </ClCompile>
    <ClCompile Include="SceneMain.cpp">
      <Filter>SceneMain</Filter>
    </ClCompile>
    <ClCompile Include="Game.cpp">
      <Filter>SceneMain</Filter>
    </ClCompile>
    <ClCompile Include="Global.cpp">
      <Filter>Framework\Global</Filter>
    </ClCompile>
    <ClCompile Include="Sprite.cpp">
      <Filter>Framework\Sprite</Filter>
    </ClCompile>
    <ClCompile Include="Texture.cpp">
      <Filter>Framework\Texture</Filter>
    </ClCompile>
    <ClCompile Include="Camera.cpp">
      <Filter>Framework\Camera</Filter>
    </ClCompile>
    <ClCompile Include="Sweet_AABB.cpp">
      <Filter>Framework\Collision</Filter>
    </ClCompile>
    <ClCompile Include="NinjaGaiden.cpp">
      <Filter>Object\NinjaGaiden</Filter>
    </ClCompile>
    <ClCompile Include="BaseObject.cpp">
      <Filter>Object\BaseObject</Filter>
    </ClCompile>
    <ClCompile Include="Bee.cpp">
      <Filter>Object\EnemyObject</Filter>
    </ClCompile>
    <ClCompile Include="Bird.cpp">
      <Filter>Object\EnemyObject</Filter>
    </ClCompile>
    <ClCompile Include="Dog.cpp">
      <Filter>Object\EnemyObject</Filter>
    </ClCompile>
    <ClCompile Include="Eagle.cpp">
      <Filter>Object\EnemyObject</Filter>
    </ClCompile>
    <ClCompile Include="Enemy1.cpp">
      <Filter>Object\EnemyObject</Filter>
    </ClCompile>
    <ClCompile Include="Enemy2.cpp">
      <Filter>Object\EnemyObject</Filter>
    </ClCompile>
  </ItemGroup>
  <ItemGroup>
    <ClInclude Include="SceneMain.h">
      <Filter>SceneMain</Filter>
    </ClInclude>
    <ClInclude Include="Game.h">
      <Filter>SceneMain</Filter>
    </ClInclude>
    <ClInclude Include="Global.h">
      <Filter>Framework\Global</Filter>
    </ClInclude>
    <ClInclude Include="Sprite.h">
      <Filter>Framework\Sprite</Filter>
    </ClInclude>
    <ClInclude Include="Texture.h">
      <Filter>Framework\Texture</Filter>
    </ClInclude>
    <ClInclude Include="Camera.h">
      <Filter>Framework\Camera</Filter>
    </ClInclude>
    <ClInclude Include="Sweet_AABB.h">
      <Filter>Framework\Collision</Filter>
    </ClInclude>
    <ClInclude Include="NinjaGaiden.h">
      <Filter>Object\NinjaGaiden</Filter>
    </ClInclude>
    <ClInclude Include="BaseObject.h">
      <Filter>Object\BaseObject</Filter>
    </ClInclude>
    <ClInclude Include="Bee.h">
      <Filter>Object\EnemyObject</Filter>
    </ClInclude>
    <ClInclude Include="Bird.h">
      <Filter>Object\EnemyObject</Filter>
    </ClInclude>
    <ClInclude Include="Dog.h">
      <Filter>Object\EnemyObject</Filter>
    </ClInclude>
    <ClInclude Include="Eagle.h">
      <Filter>Object\EnemyObject</Filter>
    </ClInclude>
    <ClInclude Include="Enemy1.h">
      <Filter>Object\EnemyObject</Filter>
    </ClInclude>
    <ClInclude Include="Enemy2.h">
      <Filter>Object\EnemyObject</Filter>
    </ClInclude>
  </ItemGroup>
</Project>